
Microsoft Visual Studio Solution File, Format Version 11.00
# Visual Studio 2010
Project("{8BC9CEB8-8B4A-11D0-8D11-00A0C91BC942}") = "销售公司员工管理", "销售公司员工管理\销售公司员工管理.vcxproj", "{8E7A425E-7564-4DEF-BC1E-C90EC509BD6C}"
EndProject
Global
	GlobalSection(SolutionConfigurationPlatforms) = preSolution
		Debug|Win32 = Debug|Win32
		Release|Win32 = Release|Win32
	EndGlobalSection
	GlobalSection(ProjectConfigurationPlatforms) = postSolution
		{8E7A425E-7564-4DEF-BC1E-C90EC509BD6C}.Debug|Win32.ActiveCfg = Debug|Win32
		{8E7A425E-7564-4DEF-BC1E-C90EC509BD6C}.Debug|Win32.Build.0 = Debug|Win32
		{8E7A425E-7564-4DEF-BC1E-C90EC509BD6C}.Release|Win32.ActiveCfg = Release|Win32
		{8E7A425E-7564-4DEF-BC1E-C90EC509BD6C}.Release|Win32.Build.0 = Release|Win32
	EndGlobalSection
	GlobalSection(SolutionProperties) = preSolution
		HideSolutionNode = FALSE
	EndGlobalSection
EndGlobal
